
Microsoft Visual Studio Solution File, Format Version 12.00
# Visual Studio Version 17
VisualStudioVersion = 17.1.32421.90
MinimumVisualStudioVersion = 10.0.40219.1
Project("{FAE04EC0-301F-11D3-BF4B-00C04F79EFBC}") = "AssignmentTwo", "AssignmentTwo.csproj", "{32AE380C-00E6-450B-A257-9C3EA4E18F34}"
EndProject
Global
	GlobalSection(SolutionConfigurationPlatforms) = preSolution
		Debug|Any CPU = Debug|Any CPU
		Release|Any CPU = Release|Any CPU
	EndGlobalSection
	GlobalSection(ProjectConfigurationPlatforms) = postSolution
		{32AE380C-00E6-450B-A257-9C3EA4E18F34}.Debug|Any CPU.ActiveCfg = Debug|Any CPU
		{32AE380C-00E6-450B-A257-9C3EA4E18F34}.Debug|Any CPU.Build.0 = Debug|Any CPU
		{32AE380C-00E6-450B-A257-9C3EA4E18F34}.Release|Any CPU.ActiveCfg = Release|Any CPU
		{32AE380C-00E6-450B-A257-9C3EA4E18F34}.Release|Any CPU.Build.0 = Release|Any CPU
	EndGlobalSection
	GlobalSection(SolutionProperties) = preSolution
		HideSolutionNode = FALSE
	EndGlobalSection
	GlobalSection(ExtensibilityGlobals) = postSolution
		SolutionGuid = {5F0F388C-195F-4AC3-A664-2E597DC45AF1}
	EndGlobalSection
EndGlobal
