
Microsoft Visual Studio Solution File, Format Version 12.00
# Visual Studio Version 17
VisualStudioVersion = 17.1.32421.90
MinimumVisualStudioVersion = 10.0.40219.1
Project("{FAE04EC0-301F-11D3-BF4B-00C04F79EFBC}") = "clockLesserAngle", "clockLesserAngle.csproj", "{FD04F1D1-0017-46C7-A7BD-EBD25DDBEADA}"
EndProject
Global
	GlobalSection(SolutionConfigurationPlatforms) = preSolution
		Debug|Any CPU = Debug|Any CPU
		Release|Any CPU = Release|Any CPU
	EndGlobalSection
	GlobalSection(ProjectConfigurationPlatforms) = postSolution
		{FD04F1D1-0017-46C7-A7BD-EBD25DDBEADA}.Debug|Any CPU.ActiveCfg = Debug|Any CPU
		{FD04F1D1-0017-46C7-A7BD-EBD25DDBEADA}.Debug|Any CPU.Build.0 = Debug|Any CPU
		{FD04F1D1-0017-46C7-A7BD-EBD25DDBEADA}.Release|Any CPU.ActiveCfg = Release|Any CPU
		{FD04F1D1-0017-46C7-A7BD-EBD25DDBEADA}.Release|Any CPU.Build.0 = Release|Any CPU
	EndGlobalSection
	GlobalSection(SolutionProperties) = preSolution
		HideSolutionNode = FALSE
	EndGlobalSection
	GlobalSection(ExtensibilityGlobals) = postSolution
		SolutionGuid = {8DF04497-D63D-45B2-B14C-A05BED0C1741}
	EndGlobalSection
EndGlobal
